
Microsoft Visual Studio Solution File, Format Version 12.00
# Visual Studio 15
VisualStudioVersion = 15.0.28307.539
MinimumVisualStudioVersion = 10.0.40219.1
Project("{FAE04EC0-301F-11D3-BF4B-00C04F79EFBC}") = "CSharpAvancado.CadastroPessoas", "CSharpAvancado.CadastroPessoas\CSharpAvancado.CadastroPessoas.csproj", "{1E19FB37-383B-4A6B-9842-FE71BB558A5D}"
EndProject
Project("{FAE04EC0-301F-11D3-BF4B-00C04F79EFBC}") = "CSharpAvancado.CadastroPessoas.Repositorio", "CSharpAvancado.CadastroPessoas.Repositorio\CSharpAvancado.CadastroPessoas.Repositorio.csproj", "{E7803F0F-2A17-4CB2-8740-AECDF578BAB3}"
EndProject
Project("{FAE04EC0-301F-11D3-BF4B-00C04F79EFBC}") = "CadastroPessoas.Persistencia.EF", "CadastroPessoas.Persistencia.EF\CadastroPessoas.Persistencia.EF.csproj", "{8063C079-6A9D-43FF-99D7-FD598EBC35F0}"
EndProject
Project("{FAE04EC0-301F-11D3-BF4B-00C04F79EFBC}") = "CadastroPessoas.Dominio", "CadastroPessoas.Dominio\CadastroPessoas.Dominio.csproj", "{95B93021-B8C5-41D3-9050-CB3669FD434F}"
EndProject
Project("{FAE04EC0-301F-11D3-BF4B-00C04F79EFBC}") = "CadastroPessoas.Persistencia.NHIbernate", "CadastroPessoas.Persistencia.NHIbernate\CadastroPessoas.Persistencia.NHIbernate.csproj", "{7F0A0AA9-281F-4DAB-A0AA-BE7C2804351A}"
EndProject
Global
	GlobalSection(SolutionConfigurationPlatforms) = preSolution
		Debug|Any CPU = Debug|Any CPU
		Release|Any CPU = Release|Any CPU
	EndGlobalSection
	GlobalSection(ProjectConfigurationPlatforms) = postSolution
		{1E19FB37-383B-4A6B-9842-FE71BB558A5D}.Debug|Any CPU.ActiveCfg = Debug|Any CPU
		{1E19FB37-383B-4A6B-9842-FE71BB558A5D}.Debug|Any CPU.Build.0 = Debug|Any CPU
		{1E19FB37-383B-4A6B-9842-FE71BB558A5D}.Release|Any CPU.ActiveCfg = Release|Any CPU
		{1E19FB37-383B-4A6B-9842-FE71BB558A5D}.Release|Any CPU.Build.0 = Release|Any CPU
		{E7803F0F-2A17-4CB2-8740-AECDF578BAB3}.Debug|Any CPU.ActiveCfg = Debug|Any CPU
		{E7803F0F-2A17-4CB2-8740-AECDF578BAB3}.Debug|Any CPU.Build.0 = Debug|Any CPU
		{E7803F0F-2A17-4CB2-8740-AECDF578BAB3}.Release|Any CPU.ActiveCfg = Release|Any CPU
		{E7803F0F-2A17-4CB2-8740-AECDF578BAB3}.Release|Any CPU.Build.0 = Release|Any CPU
		{8063C079-6A9D-43FF-99D7-FD598EBC35F0}.Debug|Any CPU.ActiveCfg = Debug|Any CPU
		{8063C079-6A9D-43FF-99D7-FD598EBC35F0}.Debug|Any CPU.Build.0 = Debug|Any CPU
		{8063C079-6A9D-43FF-99D7-FD598EBC35F0}.Release|Any CPU.ActiveCfg = Release|Any CPU
		{8063C079-6A9D-43FF-99D7-FD598EBC35F0}.Release|Any CPU.Build.0 = Release|Any CPU
		{95B93021-B8C5-41D3-9050-CB3669FD434F}.Debug|Any CPU.ActiveCfg = Debug|Any CPU
		{95B93021-B8C5-41D3-9050-CB3669FD434F}.Debug|Any CPU.Build.0 = Debug|Any CPU
		{95B93021-B8C5-41D3-9050-CB3669FD434F}.Release|Any CPU.ActiveCfg = Release|Any CPU
		{95B93021-B8C5-41D3-9050-CB3669FD434F}.Release|Any CPU.Build.0 = Release|Any CPU
		{7F0A0AA9-281F-4DAB-A0AA-BE7C2804351A}.Debug|Any CPU.ActiveCfg = Debug|Any CPU
		{7F0A0AA9-281F-4DAB-A0AA-BE7C2804351A}.Debug|Any CPU.Build.0 = Debug|Any CPU
		{7F0A0AA9-281F-4DAB-A0AA-BE7C2804351A}.Release|Any CPU.ActiveCfg = Release|Any CPU
		{7F0A0AA9-281F-4DAB-A0AA-BE7C2804351A}.Release|Any CPU.Build.0 = Release|Any CPU
	EndGlobalSection
	GlobalSection(SolutionProperties) = preSolution
		HideSolutionNode = FALSE
	EndGlobalSection
	GlobalSection(ExtensibilityGlobals) = postSolution
		SolutionGuid = {D348AC03-9A87-4F38-96A5-E109A5EA5DDD}
	EndGlobalSection
EndGlobal
