
Microsoft Visual Studio Solution File, Format Version 12.00
# Visual Studio 15
VisualStudioVersion = 15.0.28307.572
MinimumVisualStudioVersion = 10.0.40219.1
Project("{FAE04EC0-301F-11D3-BF4B-00C04F79EFBC}") = "Treinamento.ProdutosMarcas.Dominio", "ProdutosMarcas.Dominio\Treinamento.ProdutosMarcas.Dominio.csproj", "{5F38FF94-EBB8-4A6C-A935-6527ABCA78DE}"
EndProject
Project("{FAE04EC0-301F-11D3-BF4B-00C04F79EFBC}") = "Treinamento.ProdutosMarcas.Persistencia.EF", "ProdutosMarcas.Persistencia.EF\Treinamento.ProdutosMarcas.Persistencia.EF.csproj", "{92CFC08A-20D8-4F69-A030-F1CBD28C1653}"
EndProject
Project("{FAE04EC0-301F-11D3-BF4B-00C04F79EFBC}") = "Treinamento.Repositorio.Comum", "Repositorio.Comum\Treinamento.Repositorio.Comum.csproj", "{BA6274A1-A912-4330-9FEE-A02780DE8BFD}"
EndProject
Project("{FAE04EC0-301F-11D3-BF4B-00C04F79EFBC}") = "Treinamento.ProdutosMarcas.Repositorio.EF", "Treinamento.ProdutosMarcas.Repositorio.EF\Treinamento.ProdutosMarcas.Repositorio.EF.csproj", "{4BF98E31-6DB9-46BD-B3ED-15F8369EE567}"
EndProject
Project("{FAE04EC0-301F-11D3-BF4B-00C04F79EFBC}") = "Treinamento.ProdutosMarcas.Apresentacao", "Treinamento.ProdutosMarcas.Apresentacao\Treinamento.ProdutosMarcas.Apresentacao.csproj", "{6482F96F-EF70-4653-9F34-B1223AB4C639}"
EndProject
Global
	GlobalSection(SolutionConfigurationPlatforms) = preSolution
		Debug|Any CPU = Debug|Any CPU
		Release|Any CPU = Release|Any CPU
	EndGlobalSection
	GlobalSection(ProjectConfigurationPlatforms) = postSolution
		{5F38FF94-EBB8-4A6C-A935-6527ABCA78DE}.Debug|Any CPU.ActiveCfg = Debug|Any CPU
		{5F38FF94-EBB8-4A6C-A935-6527ABCA78DE}.Debug|Any CPU.Build.0 = Debug|Any CPU
		{5F38FF94-EBB8-4A6C-A935-6527ABCA78DE}.Release|Any CPU.ActiveCfg = Release|Any CPU
		{5F38FF94-EBB8-4A6C-A935-6527ABCA78DE}.Release|Any CPU.Build.0 = Release|Any CPU
		{92CFC08A-20D8-4F69-A030-F1CBD28C1653}.Debug|Any CPU.ActiveCfg = Debug|Any CPU
		{92CFC08A-20D8-4F69-A030-F1CBD28C1653}.Debug|Any CPU.Build.0 = Debug|Any CPU
		{92CFC08A-20D8-4F69-A030-F1CBD28C1653}.Release|Any CPU.ActiveCfg = Release|Any CPU
		{92CFC08A-20D8-4F69-A030-F1CBD28C1653}.Release|Any CPU.Build.0 = Release|Any CPU
		{BA6274A1-A912-4330-9FEE-A02780DE8BFD}.Debug|Any CPU.ActiveCfg = Debug|Any CPU
		{BA6274A1-A912-4330-9FEE-A02780DE8BFD}.Debug|Any CPU.Build.0 = Debug|Any CPU
		{BA6274A1-A912-4330-9FEE-A02780DE8BFD}.Release|Any CPU.ActiveCfg = Release|Any CPU
		{BA6274A1-A912-4330-9FEE-A02780DE8BFD}.Release|Any CPU.Build.0 = Release|Any CPU
		{4BF98E31-6DB9-46BD-B3ED-15F8369EE567}.Debug|Any CPU.ActiveCfg = Debug|Any CPU
		{4BF98E31-6DB9-46BD-B3ED-15F8369EE567}.Debug|Any CPU.Build.0 = Debug|Any CPU
		{4BF98E31-6DB9-46BD-B3ED-15F8369EE567}.Release|Any CPU.ActiveCfg = Release|Any CPU
		{4BF98E31-6DB9-46BD-B3ED-15F8369EE567}.Release|Any CPU.Build.0 = Release|Any CPU
		{6482F96F-EF70-4653-9F34-B1223AB4C639}.Debug|Any CPU.ActiveCfg = Debug|Any CPU
		{6482F96F-EF70-4653-9F34-B1223AB4C639}.Debug|Any CPU.Build.0 = Debug|Any CPU
		{6482F96F-EF70-4653-9F34-B1223AB4C639}.Release|Any CPU.ActiveCfg = Release|Any CPU
		{6482F96F-EF70-4653-9F34-B1223AB4C639}.Release|Any CPU.Build.0 = Release|Any CPU
	EndGlobalSection
	GlobalSection(SolutionProperties) = preSolution
		HideSolutionNode = FALSE
	EndGlobalSection
	GlobalSection(ExtensibilityGlobals) = postSolution
		SolutionGuid = {D4EBCE11-2AC7-410B-A35C-3E2F0F25F5EF}
	EndGlobalSection
EndGlobal
